<?xml version="1.0" encoding="utf-8"?>
<Project ToolsVersion="4.0" xmlns="http://schemas.microsoft.com/developer/msbuild/2003">
  <ItemGroup>
    <Filter Include="Source Files">
      <UniqueIdentifier>{4FC737F1-C7A5-4376-A066-2A32D752A2FF}</UniqueIdentifier>
      <Extensions>qml;cpp;c;cc;cxx;def;odl;idl;hpj;bat;asm;asmx</Extensions>
    </Filter>
    <Filter Include="Header Files">
      <UniqueIdentifier>{93995380-89BD-4b04-88EB-625FBE52EBFB}</UniqueIdentifier>
      <Extensions>h;hh;hpp;hxx;hm;inl;inc;xsd</Extensions>
    </Filter>
    <Filter Include="Resource Files">
      <UniqueIdentifier>{67DA6AB6-F800-4c08-8B7A-83BB121AAD01}</UniqueIdentifier>
      <Extensions>qrc;rc;ico;cur;bmp;dlg;rc2;rct;bin;rgs;gif;jpg;jpeg;jpe;resx;tiff;tif;png;wav;mfcribbon-ms</Extensions>
    </Filter>
    <Filter Include="Form Files">
      <UniqueIdentifier>{99349809-55BA-4b9d-BF79-8FDBB0286EB3}</UniqueIdentifier>
      <Extensions>ui</Extensions>
    </Filter>
    <Filter Include="Translation Files">
      <UniqueIdentifier>{639EADAA-A684-42e4-A9AD-28FC9BCB8F7C}</UniqueIdentifier>
      <Extensions>ts</Extensions>
    </Filter>
  </ItemGroup>
  <ItemGroup>
    <ClCompile Include="src\about.cpp">
      <Filter>Source Files</Filter>
    </ClCompile>
    <ClCompile Include="src\ctrlbar.cpp">
      <Filter>Source Files</Filter>
    </ClCompile>
    <ClCompile Include="src\CustomSlider.cpp">
      <Filter>Source Files</Filter>
    </ClCompile>
    <ClCompile Include="src\customthread.cpp">
      <Filter>Source Files</Filter>
    </ClCompile>
    <ClCompile Include="src\globalhelper.cpp">
      <Filter>Source Files</Filter>
    </ClCompile>
    <ClCompile Include="src\main.cpp">
      <Filter>Source Files</Filter>
    </ClCompile>
    <ClCompile Include="src\mainwid.cpp">
      <Filter>Source Files</Filter>
    </ClCompile>
    <ClCompile Include="src\medialist.cpp">
      <Filter>Source Files</Filter>
    </ClCompile>
    <ClCompile Include="src\playlist.cpp">
      <Filter>Source Files</Filter>
    </ClCompile>
    <ClCompile Include="src\settingwid.cpp">
      <Filter>Source Files</Filter>
    </ClCompile>
    <ClCompile Include="src\show.cpp">
      <Filter>Source Files</Filter>
    </ClCompile>
    <ClCompile Include="src\title.cpp">
      <Filter>Source Files</Filter>
    </ClCompile>
    <ClCompile Include="src\videoctl.cpp">
      <Filter>Source Files</Filter>
    </ClCompile>
  </ItemGroup>
  <ItemGroup>
    <QtMoc Include="src\about.h">
      <Filter>Header Files</Filter>
    </QtMoc>
    <QtMoc Include="src\ctrlbar.h">
      <Filter>Header Files</Filter>
    </QtMoc>
    <QtMoc Include="src\CustomSlider.h">
      <Filter>Header Files</Filter>
    </QtMoc>
    <QtMoc Include="src\mainwid.h">
      <Filter>Header Files</Filter>
    </QtMoc>
    <QtMoc Include="src\medialist.h">
      <Filter>Header Files</Filter>
    </QtMoc>
    <QtMoc Include="src\playlist.h">
      <Filter>Header Files</Filter>
    </QtMoc>
    <QtMoc Include="src\settingwid.h">
      <Filter>Header Files</Filter>
    </QtMoc>
    <QtMoc Include="src\show.h">
      <Filter>Header Files</Filter>
    </QtMoc>
    <QtMoc Include="src\title.h">
      <Filter>Header Files</Filter>
    </QtMoc>
    <QtMoc Include="src\videoctl.h">
      <Filter>Header Files</Filter>
    </QtMoc>
  </ItemGroup>
  <ItemGroup>
    <QtUic Include="src\about.ui">
      <Filter>Form Files</Filter>
    </QtUic>
    <QtUic Include="src\ctrlbar.ui">
      <Filter>Form Files</Filter>
    </QtUic>
    <QtUic Include="src\form.ui">
      <Filter>Form Files</Filter>
    </QtUic>
    <QtUic Include="src\mainwid.ui">
      <Filter>Form Files</Filter>
    </QtUic>
    <QtUic Include="src\playlist.ui">
      <Filter>Form Files</Filter>
    </QtUic>
    <QtUic Include="src\settingwid.ui">
      <Filter>Form Files</Filter>
    </QtUic>
    <QtUic Include="src\show.ui">
      <Filter>Form Files</Filter>
    </QtUic>
    <QtUic Include="src\title.ui">
      <Filter>Form Files</Filter>
    </QtUic>
  </ItemGroup>
  <ItemGroup>
    <ClInclude Include="src\customthread.h">
      <Filter>Header Files</Filter>
    </ClInclude>
    <ClInclude Include="src\datactl.h">
      <Filter>Header Files</Filter>
    </ClInclude>
    <ClInclude Include="src\globalhelper.h">
      <Filter>Header Files</Filter>
    </ClInclude>
    <ClInclude Include="src\resource.h">
      <Filter>Header Files</Filter>
    </ClInclude>
  </ItemGroup>
  <ItemGroup>
    <QtRcc Include="src\mainwid.qrc">
      <Filter>Resource Files</Filter>
    </QtRcc>
  </ItemGroup>
  <ItemGroup>
    <ResourceCompile Include="src\playerdemo.rc">
      <Filter>Resource Files</Filter>
    </ResourceCompile>
  </ItemGroup>
</Project>