<?xml version="1.0" encoding="utf-8"?>
<Project xmlns="http://schemas.microsoft.com/developer/msbuild/2003">
  <ItemGroup>
    <Filter Include="Form Files">
      <UniqueIdentifier>{99349809-55BA-4b9d-BF79-8FDBB0286EB3}</UniqueIdentifier>
      <Extensions>ui</Extensions>
      <ParseFiles>false</ParseFiles>
    </Filter>
    <Filter Include="Form Files">
      <UniqueIdentifier>{99349809-55BA-4b9d-BF79-8FDBB0286EB3}</UniqueIdentifier>
      <Extensions>ui</Extensions>
      <ParseFiles>false</ParseFiles>
    </Filter>
    <Filter Include="Generated Files">
      <UniqueIdentifier>{71ED8ED8-ACB9-4CE9-BBE1-E00B30144E11}</UniqueIdentifier>
      <Extensions>cpp;c;cxx;moc;h;def;odl;idl;res;</Extensions>
    </Filter>
    <Filter Include="Generated Files">
      <UniqueIdentifier>{71ED8ED8-ACB9-4CE9-BBE1-E00B30144E11}</UniqueIdentifier>
      <Extensions>cpp;c;cxx;moc;h;def;odl;idl;res;</Extensions>
    </Filter>
    <Filter Include="Header Files">
      <UniqueIdentifier>{93995380-89BD-4b04-88EB-625FBE52EBFB}</UniqueIdentifier>
      <Extensions>h;hpp;hxx;hm;inl;inc;xsd</Extensions>
    </Filter>
    <Filter Include="Header Files">
      <UniqueIdentifier>{93995380-89BD-4b04-88EB-625FBE52EBFB}</UniqueIdentifier>
      <Extensions>h;hpp;hxx;hm;inl;inc;xsd</Extensions>
    </Filter>
    <Filter Include="Resource Files">
      <UniqueIdentifier>{D9D6E242-F8AF-46E4-B9FD-80ECBC20BA3E}</UniqueIdentifier>
      <Extensions>qrc;*</Extensions>
      <ParseFiles>false</ParseFiles>
    </Filter>
    <Filter Include="Resource Files">
      <UniqueIdentifier>{D9D6E242-F8AF-46E4-B9FD-80ECBC20BA3E}</UniqueIdentifier>
      <Extensions>qrc;*</Extensions>
      <ParseFiles>false</ParseFiles>
    </Filter>
    <Filter Include="Source Files">
      <UniqueIdentifier>{4FC737F1-C7A5-4376-A066-2A32D752A2FF}</UniqueIdentifier>
      <Extensions>cpp;c;cxx;def;odl;idl;hpj;bat;asm;asmx</Extensions>
    </Filter>
    <Filter Include="Source Files">
      <UniqueIdentifier>{4FC737F1-C7A5-4376-A066-2A32D752A2FF}</UniqueIdentifier>
      <Extensions>cpp;c;cxx;def;odl;idl;hpj;bat;asm;asmx</Extensions>
    </Filter>
  </ItemGroup>
  <ItemGroup>
    <ClCompile Include="src\CustomSlider.cpp">
      <Filter>Source Files</Filter>
    </ClCompile>
    <ClCompile Include="src\about.cpp">
      <Filter>Source Files</Filter>
    </ClCompile>
    <ClCompile Include="src\ctrlbar.cpp">
      <Filter>Source Files</Filter>
    </ClCompile>
    <ClCompile Include="src\customthread.cpp">
      <Filter>Source Files</Filter>
    </ClCompile>
    <ClCompile Include="src\globalhelper.cpp">
      <Filter>Source Files</Filter>
    </ClCompile>
    <ClCompile Include="src\main.cpp">
      <Filter>Source Files</Filter>
    </ClCompile>
    <ClCompile Include="src\mainwid.cpp">
      <Filter>Source Files</Filter>
    </ClCompile>
    <ClCompile Include="src\medialist.cpp">
      <Filter>Source Files</Filter>
    </ClCompile>
    <ClCompile Include="src\playlist.cpp">
      <Filter>Source Files</Filter>
    </ClCompile>
    <ClCompile Include="src\settingwid.cpp">
      <Filter>Source Files</Filter>
    </ClCompile>
    <ClCompile Include="src\show.cpp">
      <Filter>Source Files</Filter>
    </ClCompile>
    <ClCompile Include="src\title.cpp">
      <Filter>Source Files</Filter>
    </ClCompile>
    <ClCompile Include="src\videoctl.cpp">
      <Filter>Source Files</Filter>
    </ClCompile>
  </ItemGroup>
  <ItemGroup>
    <QtMoc Include="src\CustomSlider.h">
      <Filter>Header Files</Filter>
    </QtMoc>
    <QtMoc Include="src\about.h">
      <Filter>Header Files</Filter>
    </QtMoc>
    <QtMoc Include="src\ctrlbar.h">
      <Filter>Header Files</Filter>
    </QtMoc>
    <ClInclude Include="src\customthread.h">
      <Filter>Header Files</Filter>
    </ClInclude>
    <ClInclude Include="src\datactl.h">
      <Filter>Header Files</Filter>
    </ClInclude>
    <ClInclude Include="src\globalhelper.h">
      <Filter>Header Files</Filter>
    </ClInclude>
    <QtMoc Include="src\mainwid.h">
      <Filter>Header Files</Filter>
    </QtMoc>
    <QtMoc Include="src\medialist.h">
      <Filter>Header Files</Filter>
    </QtMoc>
    <QtMoc Include="src\playlist.h">
      <Filter>Header Files</Filter>
    </QtMoc>
    <QtMoc Include="src\settingwid.h">
      <Filter>Header Files</Filter>
    </QtMoc>
    <QtMoc Include="src\show.h">
      <Filter>Header Files</Filter>
    </QtMoc>
    <QtMoc Include="src\title.h">
      <Filter>Header Files</Filter>
    </QtMoc>
    <QtMoc Include="src\videoctl.h">
      <Filter>Header Files</Filter>
    </QtMoc>
  </ItemGroup>
  <ItemGroup>
    
    
    
    
    
    
    
    
    
    
    
    
    <CustomBuild Include="debug\moc_predefs.h.cbt">
      <Filter>Generated Files</Filter>
    </CustomBuild>
    <CustomBuild Include="release\moc_predefs.h.cbt">
      <Filter>Generated Files</Filter>
    </CustomBuild>
    
    
    
    
    
    
    
    
    
    
    
    
    
    
    
    
    
  </ItemGroup>
  <ItemGroup>
    <QtUic Include="src\about.ui">
      <Filter>Form Files</Filter>
    </QtUic>
    <QtUic Include="src\ctrlbar.ui">
      <Filter>Form Files</Filter>
    </QtUic>
    <QtUic Include="src\mainwid.ui">
      <Filter>Form Files</Filter>
    </QtUic>
    <QtUic Include="src\playlist.ui">
      <Filter>Form Files</Filter>
    </QtUic>
    <QtUic Include="src\settingwid.ui">
      <Filter>Form Files</Filter>
    </QtUic>
    <QtUic Include="src\show.ui">
      <Filter>Form Files</Filter>
    </QtUic>
    <QtUic Include="src\title.ui">
      <Filter>Form Files</Filter>
    </QtUic>
  </ItemGroup>
  <ItemGroup>
    <None Include="src\res\Player.ico">
      <Filter>Resource Files</Filter>
    </None>
    <None Include="src\res\qss\about.css">
      <Filter>Resource Files</Filter>
    </None>
    <None Include="src\res\qss\ctrlbar.css">
      <Filter>Resource Files</Filter>
    </None>
    <None Include="src\res\fa-solid-900.ttf">
      <Filter>Resource Files</Filter>
    </None>
    <None Include="src\res\fontawesome-webfont.ttf">
      <Filter>Resource Files</Filter>
    </None>
    <None Include="src\res\qss\mainwid.css">
      <Filter>Resource Files</Filter>
    </None>
    <QtRcc Include="src\mainwid.qrc">
      <Filter>Resource Files</Filter>
    </QtRcc>
    <None Include="src\res\player.png">
      <Filter>Resource Files</Filter>
    </None>
    <None Include="src\res\qss\playlist.css">
      <Filter>Resource Files</Filter>
    </None>
    <None Include="src\res\qss\show.css">
      <Filter>Resource Files</Filter>
    </None>
    <None Include="src\res\qss\title.css">
      <Filter>Resource Files</Filter>
    </None>
  </ItemGroup>
</Project>