<?xml version="1.0" encoding="utf-8"?>
<Project ToolsVersion="4.0" xmlns="http://schemas.microsoft.com/developer/msbuild/2003">
  <ItemGroup>
    <Filter Include="Source Files">
      <UniqueIdentifier>{4FC737F1-C7A5-4376-A066-2A32D752A2FF}</UniqueIdentifier>
      <Extensions>cpp;c;cc;cxx;def;odl;idl;hpj;bat;asm;asmx</Extensions>
    </Filter>
    <Filter Include="Header Files">
      <UniqueIdentifier>{93995380-89BD-4b04-88EB-625FBE52EBFB}</UniqueIdentifier>
      <Extensions>h;hh;hpp;hxx;hm;inl;inc;xsd</Extensions>
    </Filter>
    <Filter Include="Resource Files">
      <UniqueIdentifier>{D9D6E242-F8AF-46E4-B9FD-80ECBC20BA3E}</UniqueIdentifier>
      <Extensions>qrc;*</Extensions>
      <ParseFiles>false</ParseFiles>
    </Filter>
    <Filter Include="Form Files">
      <UniqueIdentifier>{99349809-55BA-4b9d-BF79-8FDBB0286EB3}</UniqueIdentifier>
      <Extensions>ui</Extensions>
    </Filter>
    <Filter Include="Resource Files">
      <UniqueIdentifier>{D9D6E242-F8AF-46E4-B9FD-80ECBC20BA3E}</UniqueIdentifier>
      <Extensions>qrc;*</Extensions>
      <ParseFiles>false</ParseFiles>
    </Filter>
    <Filter Include="Generated Files">
      <UniqueIdentifier>{71ED8ED8-ACB9-4CE9-BBE1-E00B30144E11}</UniqueIdentifier>
      <Extensions>moc;h;cpp</Extensions>
      <SourceControlFiles>False</SourceControlFiles>
    </Filter>
  </ItemGroup>
  <ItemGroup>
    <ClCompile Include="main.cpp">
      <Filter>Source Files</Filter>
    </ClCompile>
    <ClCompile Include="mainwid.cpp">
      <Filter>Source Files</Filter>
    </ClCompile>
    <ClCompile Include="GeneratedFiles\Debug\moc_mainwid.cpp">
      <Filter>Generated Files</Filter>
    </ClCompile>
    <ClCompile Include="GeneratedFiles\Release\moc_mainwid.cpp">
      <Filter>Generated Files</Filter>
    </ClCompile>
    <ClCompile Include="GeneratedFiles\qrc_mainwid.cpp">
      <Filter>Generated Files</Filter>
    </ClCompile>
    <ClCompile Include="audiodec.cpp">
      <Filter>Source Files</Filter>
    </ClCompile>
    <ClCompile Include="ctrlbar.cpp">
      <Filter>Source Files</Filter>
    </ClCompile>
    <ClCompile Include="customthread.cpp">
      <Filter>Source Files</Filter>
    </ClCompile>
    <ClCompile Include="displaywid.cpp">
      <Filter>Source Files</Filter>
    </ClCompile>
    <ClCompile Include="framelesshelper.cpp">
      <Filter>Source Files</Filter>
    </ClCompile>
    <ClCompile Include="globalhelper.cpp">
      <Filter>Source Files</Filter>
    </ClCompile>
    <ClCompile Include="playlist.cpp">
      <Filter>Source Files</Filter>
    </ClCompile>
    <ClCompile Include="playlistctrlbar.cpp">
      <Filter>Source Files</Filter>
    </ClCompile>
    <ClCompile Include="readfile.cpp">
      <Filter>Source Files</Filter>
    </ClCompile>
    <ClCompile Include="subtitledec.cpp">
      <Filter>Source Files</Filter>
    </ClCompile>
    <ClCompile Include="title.cpp">
      <Filter>Source Files</Filter>
    </ClCompile>
    <ClCompile Include="videoctl.cpp">
      <Filter>Source Files</Filter>
    </ClCompile>
    <ClCompile Include="videodataoprator.cpp">
      <Filter>Source Files</Filter>
    </ClCompile>
    <ClCompile Include="videodec.cpp">
      <Filter>Source Files</Filter>
    </ClCompile>
    <ClCompile Include="GeneratedFiles\Debug\moc_audiodec.cpp">
      <Filter>Generated Files</Filter>
    </ClCompile>
    <ClCompile Include="GeneratedFiles\Release\moc_audiodec.cpp">
      <Filter>Generated Files</Filter>
    </ClCompile>
    <ClCompile Include="GeneratedFiles\Debug\moc_ctrlbar.cpp">
      <Filter>Generated Files</Filter>
    </ClCompile>
    <ClCompile Include="GeneratedFiles\Release\moc_ctrlbar.cpp">
      <Filter>Generated Files</Filter>
    </ClCompile>
    <ClCompile Include="GeneratedFiles\Debug\moc_displaywid.cpp">
      <Filter>Generated Files</Filter>
    </ClCompile>
    <ClCompile Include="GeneratedFiles\Release\moc_displaywid.cpp">
      <Filter>Generated Files</Filter>
    </ClCompile>
    <ClCompile Include="GeneratedFiles\Debug\moc_framelesshelper.cpp">
      <Filter>Generated Files</Filter>
    </ClCompile>
    <ClCompile Include="GeneratedFiles\Release\moc_framelesshelper.cpp">
      <Filter>Generated Files</Filter>
    </ClCompile>
    <ClCompile Include="GeneratedFiles\Debug\moc_playlist.cpp">
      <Filter>Generated Files</Filter>
    </ClCompile>
    <ClCompile Include="GeneratedFiles\Release\moc_playlist.cpp">
      <Filter>Generated Files</Filter>
    </ClCompile>
    <ClCompile Include="GeneratedFiles\Debug\moc_playlistctrlbar.cpp">
      <Filter>Generated Files</Filter>
    </ClCompile>
    <ClCompile Include="GeneratedFiles\Release\moc_playlistctrlbar.cpp">
      <Filter>Generated Files</Filter>
    </ClCompile>
    <ClCompile Include="GeneratedFiles\Debug\moc_readfile.cpp">
      <Filter>Generated Files</Filter>
    </ClCompile>
    <ClCompile Include="GeneratedFiles\Release\moc_readfile.cpp">
      <Filter>Generated Files</Filter>
    </ClCompile>
    <ClCompile Include="GeneratedFiles\Debug\moc_subtitledec.cpp">
      <Filter>Generated Files</Filter>
    </ClCompile>
    <ClCompile Include="GeneratedFiles\Release\moc_subtitledec.cpp">
      <Filter>Generated Files</Filter>
    </ClCompile>
    <ClCompile Include="GeneratedFiles\Debug\moc_title.cpp">
      <Filter>Generated Files</Filter>
    </ClCompile>
    <ClCompile Include="GeneratedFiles\Release\moc_title.cpp">
      <Filter>Generated Files</Filter>
    </ClCompile>
    <ClCompile Include="GeneratedFiles\Debug\moc_videoctl.cpp">
      <Filter>Generated Files</Filter>
    </ClCompile>
    <ClCompile Include="GeneratedFiles\Release\moc_videoctl.cpp">
      <Filter>Generated Files</Filter>
    </ClCompile>
    <ClCompile Include="GeneratedFiles\Debug\moc_videodataoprator.cpp">
      <Filter>Generated Files</Filter>
    </ClCompile>
    <ClCompile Include="GeneratedFiles\Release\moc_videodataoprator.cpp">
      <Filter>Generated Files</Filter>
    </ClCompile>
    <ClCompile Include="GeneratedFiles\Debug\moc_videodec.cpp">
      <Filter>Generated Files</Filter>
    </ClCompile>
    <ClCompile Include="GeneratedFiles\Release\moc_videodec.cpp">
      <Filter>Generated Files</Filter>
    </ClCompile>
  </ItemGroup>
  <ItemGroup>
    <CustomBuild Include="mainwid.h">
      <Filter>Header Files</Filter>
    </CustomBuild>
    <CustomBuild Include="mainwid.ui">
      <Filter>Form Files</Filter>
    </CustomBuild>
    <CustomBuild Include="mainwid.qrc">
      <Filter>Resource Files</Filter>
    </CustomBuild>
    <CustomBuild Include="audiodec.h">
      <Filter>Header Files</Filter>
    </CustomBuild>
    <CustomBuild Include="ctrlbar.h">
      <Filter>Header Files</Filter>
    </CustomBuild>
    <CustomBuild Include="displaywid.h">
      <Filter>Header Files</Filter>
    </CustomBuild>
    <CustomBuild Include="framelesshelper.h">
      <Filter>Header Files</Filter>
    </CustomBuild>
    <CustomBuild Include="playlist.h">
      <Filter>Header Files</Filter>
    </CustomBuild>
    <CustomBuild Include="playlistctrlbar.h">
      <Filter>Header Files</Filter>
    </CustomBuild>
    <CustomBuild Include="readfile.h">
      <Filter>Header Files</Filter>
    </CustomBuild>
    <CustomBuild Include="subtitledec.h">
      <Filter>Header Files</Filter>
    </CustomBuild>
    <CustomBuild Include="title.h">
      <Filter>Header Files</Filter>
    </CustomBuild>
    <CustomBuild Include="videoctl.h">
      <Filter>Header Files</Filter>
    </CustomBuild>
    <CustomBuild Include="videodataoprator.h">
      <Filter>Header Files</Filter>
    </CustomBuild>
    <CustomBuild Include="videodec.h">
      <Filter>Header Files</Filter>
    </CustomBuild>
    <CustomBuild Include="ctrlbar.ui">
      <Filter>Form Files</Filter>
    </CustomBuild>
    <CustomBuild Include="display.ui">
      <Filter>Form Files</Filter>
    </CustomBuild>
    <CustomBuild Include="playlist.ui">
      <Filter>Form Files</Filter>
    </CustomBuild>
    <CustomBuild Include="playlistctrlbar.ui">
      <Filter>Form Files</Filter>
    </CustomBuild>
    <CustomBuild Include="title.ui">
      <Filter>Form Files</Filter>
    </CustomBuild>
  </ItemGroup>
  <ItemGroup>
    <ClInclude Include="GeneratedFiles\ui_mainwid.h">
      <Filter>Generated Files</Filter>
    </ClInclude>
    <ClInclude Include="customthread.h">
      <Filter>Header Files</Filter>
    </ClInclude>
    <ClInclude Include="globalhelper.h">
      <Filter>Header Files</Filter>
    </ClInclude>
    <ClInclude Include="GeneratedFiles\ui_ctrlbar.h">
      <Filter>Generated Files</Filter>
    </ClInclude>
    <ClInclude Include="GeneratedFiles\ui_display.h">
      <Filter>Generated Files</Filter>
    </ClInclude>
    <ClInclude Include="GeneratedFiles\ui_playlist.h">
      <Filter>Generated Files</Filter>
    </ClInclude>
    <ClInclude Include="GeneratedFiles\ui_playlistctrlbar.h">
      <Filter>Generated Files</Filter>
    </ClInclude>
    <ClInclude Include="GeneratedFiles\ui_title.h">
      <Filter>Generated Files</Filter>
    </ClInclude>
  </ItemGroup>
</Project>